
Microsoft Visual Studio Solution File, Format Version 12.00
# Visual Studio 2013
VisualStudioVersion = 12.0.21005.1
MinimumVisualStudioVersion = 10.0.40219.1
Project("{8BC9CEB8-8B4A-11D0-8D11-00A0C91BC942}") = "Alpha_channel", "Alpha_channel\Alpha_channel.vcxproj", "{40A67AE3-B9DE-4C79-A02C-4819D911C252}"
EndProject
Global
	GlobalSection(SolutionConfigurationPlatforms) = preSolution
		Debug|Win32 = Debug|Win32
		Debug|x64 = Debug|x64
		Release|Win32 = Release|Win32
		Release|x64 = Release|x64
	EndGlobalSection
	GlobalSection(ProjectConfigurationPlatforms) = postSolution
		{40A67AE3-B9DE-4C79-A02C-4819D911C252}.Debug|Win32.ActiveCfg = Debug|Win32
		{40A67AE3-B9DE-4C79-A02C-4819D911C252}.Debug|Win32.Build.0 = Debug|Win32
		{40A67AE3-B9DE-4C79-A02C-4819D911C252}.Debug|x64.ActiveCfg = Debug|x64
		{40A67AE3-B9DE-4C79-A02C-4819D911C252}.Debug|x64.Build.0 = Debug|x64
		{40A67AE3-B9DE-4C79-A02C-4819D911C252}.Release|Win32.ActiveCfg = Release|Win32
		{40A67AE3-B9DE-4C79-A02C-4819D911C252}.Release|Win32.Build.0 = Release|Win32
		{40A67AE3-B9DE-4C79-A02C-4819D911C252}.Release|x64.ActiveCfg = Release|x64
		{40A67AE3-B9DE-4C79-A02C-4819D911C252}.Release|x64.Build.0 = Release|x64
	EndGlobalSection
	GlobalSection(SolutionProperties) = preSolution
		HideSolutionNode = FALSE
	EndGlobalSection
EndGlobal
